// !$*UTF8*$!
{
	archiveVersion = 1;
	classes = {
	};
	objectVersion = 51;
	objects = {

/* Begin PBXBuildFile section */
		1B541AFE27E234C400DC7D12 /* AppDelegate.swift in Sources */ = {isa = PBXBuildFile; fileRef = 1B541AFD27E234C400DC7D12 /* AppDelegate.swift */; };
		1B541B0027E234C400DC7D12 /* SceneDelegate.swift in Sources */ = {isa = PBXBuildFile; fileRef = 1B541AFF27E234C400DC7D12 /* SceneDelegate.swift */; };
		1B541B0727E234C900DC7D12 /* Assets.xcassets in Resources */ = {isa = PBXBuildFile; fileRef = 1B541B0627E234C900DC7D12 /* Assets.xcassets */; };
		1B541B0A27E234C900DC7D12 /* LaunchScreen.storyboard in Resources */ = {isa = PBXBuildFile; fileRef = 1B541B0827E234C900DC7D12 /* LaunchScreen.storyboard */; };
		1B541B2127E23C1000DC7D12 /* GalleryCollectionViewController.swift in Sources */ = {isa = PBXBuildFile; fileRef = 1B541B2027E23C1000DC7D12 /* GalleryCollectionViewController.swift */; };
		1B541B2627E23E3900DC7D12 /* GalleryCollectionViewCell.swift in Sources */ = {isa = PBXBuildFile; fileRef = 1B541B2527E23E3900DC7D12 /* GalleryCollectionViewCell.swift */; };
		1B541B2E27E24BFC00DC7D12 /* ImagesService.swift in Sources */ = {isa = PBXBuildFile; fileRef = 1B541B2D27E24BFC00DC7D12 /* ImagesService.swift */; };
		1B541B3127E253DA00DC7D12 /* ImageData.swift in Sources */ = {isa = PBXBuildFile; fileRef = 1B541B3027E253DA00DC7D12 /* ImageData.swift */; };
		6CFDA34380A2FF49782C9ABB /* Pods_RentaTeam_TestTask.framework in Frameworks */ = {isa = PBXBuildFile; fileRef = 372A2D386998F8C615D29B4F /* Pods_RentaTeam_TestTask.framework */; };
/* End PBXBuildFile section */

/* Begin PBXFileReference section */
		0D1E98901FDB22A723BB6EBF /* Pods-RentaTeam_TestTask.debug.xcconfig */ = {isa = PBXFileReference; includeInIndex = 1; lastKnownFileType = text.xcconfig; name = "Pods-RentaTeam_TestTask.debug.xcconfig"; path = "Target Support Files/Pods-RentaTeam_TestTask/Pods-RentaTeam_TestTask.debug.xcconfig"; sourceTree = "<group>"; };
		1B541AFA27E234C400DC7D12 /* RentaTeam_TestTask.app */ = {isa = PBXFileReference; explicitFileType = wrapper.application; includeInIndex = 0; path = RentaTeam_TestTask.app; sourceTree = BUILT_PRODUCTS_DIR; };
		1B541AFD27E234C400DC7D12 /* AppDelegate.swift */ = {isa = PBXFileReference; lastKnownFileType = sourcecode.swift; path = AppDelegate.swift; sourceTree = "<group>"; };
		1B541AFF27E234C400DC7D12 /* SceneDelegate.swift */ = {isa = PBXFileReference; lastKnownFileType = sourcecode.swift; path = SceneDelegate.swift; sourceTree = "<group>"; };
		1B541B0627E234C900DC7D12 /* Assets.xcassets */ = {isa = PBXFileReference; lastKnownFileType = folder.assetcatalog; path = Assets.xcassets; sourceTree = "<group>"; };
		1B541B0927E234C900DC7D12 /* Base */ = {isa = PBXFileReference; lastKnownFileType = file.storyboard; name = Base; path = Base.lproj/LaunchScreen.storyboard; sourceTree = "<group>"; };
		1B541B0B27E234C900DC7D12 /* Info.plist */ = {isa = PBXFileReference; lastKnownFileType = text.plist.xml; path = Info.plist; sourceTree = "<group>"; };
		1B541B2027E23C1000DC7D12 /* GalleryCollectionViewController.swift */ = {isa = PBXFileReference; lastKnownFileType = sourcecode.swift; path = GalleryCollectionViewController.swift; sourceTree = "<group>"; };
		1B541B2527E23E3900DC7D12 /* GalleryCollectionViewCell.swift */ = {isa = PBXFileReference; lastKnownFileType = sourcecode.swift; path = GalleryCollectionViewCell.swift; sourceTree = "<group>"; };
		1B541B2D27E24BFC00DC7D12 /* ImagesService.swift */ = {isa = PBXFileReference; lastKnownFileType = sourcecode.swift; path = ImagesService.swift; sourceTree = "<group>"; };
		1B541B3027E253DA00DC7D12 /* ImageData.swift */ = {isa = PBXFileReference; lastKnownFileType = sourcecode.swift; path = ImageData.swift; sourceTree = "<group>"; };
		372A2D386998F8C615D29B4F /* Pods_RentaTeam_TestTask.framework */ = {isa = PBXFileReference; explicitFileType = wrapper.framework; includeInIndex = 0; path = Pods_RentaTeam_TestTask.framework; sourceTree = BUILT_PRODUCTS_DIR; };
		FFB49B21A3C6BCF7C385AE90 /* Pods-RentaTeam_TestTask.release.xcconfig */ = {isa = PBXFileReference; includeInIndex = 1; lastKnownFileType = text.xcconfig; name = "Pods-RentaTeam_TestTask.release.xcconfig"; path = "Target Support Files/Pods-RentaTeam_TestTask/Pods-RentaTeam_TestTask.release.xcconfig"; sourceTree = "<group>"; };
/* End PBXFileReference section */

/* Begin PBXFrameworksBuildPhase section */
		1B541AF727E234C400DC7D12 /* Frameworks */ = {
			isa = PBXFrameworksBuildPhase;
			buildActionMask = 2147483647;
			files = (
				6CFDA34380A2FF49782C9ABB /* Pods_RentaTeam_TestTask.framework in Frameworks */,
			);
			runOnlyForDeploymentPostprocessing = 0;
		};
/* End PBXFrameworksBuildPhase section */

/* Begin PBXGroup section */
		1B541AF127E234C300DC7D12 = {
			isa = PBXGroup;
			children = (
				1B541AFC27E234C400DC7D12 /* RentaTeam_TestTask */,
				1B541AFB27E234C400DC7D12 /* Products */,
				90E4253EBA570DBC68D6D1C6 /* Pods */,
				7ACBA8AD15E80EB83B22390B /* Frameworks */,
			);
			sourceTree = "<group>";
		};
		1B541AFB27E234C400DC7D12 /* Products */ = {
			isa = PBXGroup;
			children = (
				1B541AFA27E234C400DC7D12 /* RentaTeam_TestTask.app */,
			);
			name = Products;
			sourceTree = "<group>";
		};
		1B541AFC27E234C400DC7D12 /* RentaTeam_TestTask */ = {
			isa = PBXGroup;
			children = (
				1B541B1527E2368100DC7D12 /* App */,
				1B541B1427E2366F00DC7D12 /* Models */,
				1B541B1327E2365E00DC7D12 /* Services */,
				1B541B1227E2363B00DC7D12 /* Flow */,
				1B541B1627E2369700DC7D12 /* Resources */,
			);
			path = RentaTeam_TestTask;
			sourceTree = "<group>";
		};
		1B541B1227E2363B00DC7D12 /* Flow */ = {
			isa = PBXGroup;
			children = (
				1B541B2327E23E0C00DC7D12 /* Views */,
				1B541B2027E23C1000DC7D12 /* GalleryCollectionViewController.swift */,
			);
			path = Flow;
			sourceTree = "<group>";
		};
		1B541B1327E2365E00DC7D12 /* Services */ = {
			isa = PBXGroup;
			children = (
				1B541B2D27E24BFC00DC7D12 /* ImagesService.swift */,
			);
			path = Services;
			sourceTree = "<group>";
		};
		1B541B1427E2366F00DC7D12 /* Models */ = {
			isa = PBXGroup;
			children = (
				1B541B3027E253DA00DC7D12 /* ImageData.swift */,
			);
			path = Models;
			sourceTree = "<group>";
		};
		1B541B1527E2368100DC7D12 /* App */ = {
			isa = PBXGroup;
			children = (
				1B541AFD27E234C400DC7D12 /* AppDelegate.swift */,
				1B541AFF27E234C400DC7D12 /* SceneDelegate.swift */,
				1B541B0827E234C900DC7D12 /* LaunchScreen.storyboard */,
				1B541B0B27E234C900DC7D12 /* Info.plist */,
			);
			path = App;
			sourceTree = "<group>";
		};
		1B541B1627E2369700DC7D12 /* Resources */ = {
			isa = PBXGroup;
			children = (
				1B541B0627E234C900DC7D12 /* Assets.xcassets */,
			);
			path = Resources;
			sourceTree = "<group>";
		};
		1B541B2327E23E0C00DC7D12 /* Views */ = {
			isa = PBXGroup;
			children = (
				1B541B2527E23E3900DC7D12 /* GalleryCollectionViewCell.swift */,
			);
			path = Views;
			sourceTree = "<group>";
		};
		7ACBA8AD15E80EB83B22390B /* Frameworks */ = {
			isa = PBXGroup;
			children = (
				372A2D386998F8C615D29B4F /* Pods_RentaTeam_TestTask.framework */,
			);
			name = Frameworks;
			sourceTree = "<group>";
		};
		90E4253EBA570DBC68D6D1C6 /* Pods */ = {
			isa = PBXGroup;
			children = (
				0D1E98901FDB22A723BB6EBF /* Pods-RentaTeam_TestTask.debug.xcconfig */,
				FFB49B21A3C6BCF7C385AE90 /* Pods-RentaTeam_TestTask.release.xcconfig */,
			);
			path = Pods;
			sourceTree = "<group>";
		};
/* End PBXGroup section */

/* Begin PBXNativeTarget section */
		1B541AF927E234C400DC7D12 /* RentaTeam_TestTask */ = {
			isa = PBXNativeTarget;
			buildConfigurationList = 1B541B0E27E234C900DC7D12 /* Build configuration list for PBXNativeTarget "RentaTeam_TestTask" */;
			buildPhases = (
				2031358016A098F50C5C9C46 /* [CP] Check Pods Manifest.lock */,
				1B541AF627E234C400DC7D12 /* Sources */,
				1B541AF727E234C400DC7D12 /* Frameworks */,
				1B541AF827E234C400DC7D12 /* Resources */,
				AE64565A39662F63E7054219 /* [CP] Embed Pods Frameworks */,
			);
			buildRules = (
			);
			dependencies = (
			);
			name = RentaTeam_TestTask;
			productName = RentaTeam_TestTask;
			productReference = 1B541AFA27E234C400DC7D12 /* RentaTeam_TestTask.app */;
			productType = "com.apple.product-type.application";
		};
/* End PBXNativeTarget section */

/* Begin PBXProject section */
		1B541AF227E234C300DC7D12 /* Project object */ = {
			isa = PBXProject;
			attributes = {
				LastSwiftUpdateCheck = 1240;
				LastUpgradeCheck = 1240;
				TargetAttributes = {
					1B541AF927E234C400DC7D12 = {
						CreatedOnToolsVersion = 12.4;
					};
				};
			};
			buildConfigurationList = 1B541AF527E234C300DC7D12 /* Build configuration list for PBXProject "RentaTeam_TestTask" */;
			compatibilityVersion = "Xcode 9.3";
			developmentRegion = en;
			hasScannedForEncodings = 0;
			knownRegions = (
				en,
				Base,
			);
			mainGroup = 1B541AF127E234C300DC7D12;
			productRefGroup = 1B541AFB27E234C400DC7D12 /* Products */;
			projectDirPath = "";
			projectRoot = "";
			targets = (
				1B541AF927E234C400DC7D12 /* RentaTeam_TestTask */,
			);
		};
/* End PBXProject section */

/* Begin PBXResourcesBuildPhase section */
		1B541AF827E234C400DC7D12 /* Resources */ = {
			isa = PBXResourcesBuildPhase;
			buildActionMask = 2147483647;
			files = (
				1B541B0A27E234C900DC7D12 /* LaunchScreen.storyboard in Resources */,
				1B541B0727E234C900DC7D12 /* Assets.xcassets in Resources */,
			);
			runOnlyForDeploymentPostprocessing = 0;
		};
/* End PBXResourcesBuildPhase section */

/* Begin PBXShellScriptBuildPhase section */
		2031358016A098F50C5C9C46 /* [CP] Check Pods Manifest.lock */ = {
			isa = PBXShellScriptBuildPhase;
			buildActionMask = 2147483647;
			files = (
			);
			inputFileListPaths = (
			);
			inputPaths = (
				"${PODS_PODFILE_DIR_PATH}/Podfile.lock",
				"${PODS_ROOT}/Manifest.lock",
			);
			name = "[CP] Check Pods Manifest.lock";
			outputFileListPaths = (
			);
			outputPaths = (
				"$(DERIVED_FILE_DIR)/Pods-RentaTeam_TestTask-checkManifestLockResult.txt",
			);
			runOnlyForDeploymentPostprocessing = 0;
			shellPath = /bin/sh;
			shellScript = "diff \"${PODS_PODFILE_DIR_PATH}/Podfile.lock\" \"${PODS_ROOT}/Manifest.lock\" > /dev/null\nif [ $? != 0 ] ; then\n    # print error to STDERR\n    echo \"error: The sandbox is not in sync with the Podfile.lock. Run 'pod install' or update your CocoaPods installation.\" >&2\n    exit 1\nfi\n# This output is used by Xcode 'outputs' to avoid re-running this script phase.\necho \"SUCCESS\" > \"${SCRIPT_OUTPUT_FILE_0}\"\n";
			showEnvVarsInLog = 0;
		};
		AE64565A39662F63E7054219 /* [CP] Embed Pods Frameworks */ = {
			isa = PBXShellScriptBuildPhase;
			buildActionMask = 2147483647;
			files = (
			);
			inputFileListPaths = (
				"${PODS_ROOT}/Target Support Files/Pods-RentaTeam_TestTask/Pods-RentaTeam_TestTask-frameworks-${CONFIGURATION}-input-files.xcfilelist",
			);
			name = "[CP] Embed Pods Frameworks";
			outputFileListPaths = (
				"${PODS_ROOT}/Target Support Files/Pods-RentaTeam_TestTask/Pods-RentaTeam_TestTask-frameworks-${CONFIGURATION}-output-files.xcfilelist",
			);
			runOnlyForDeploymentPostprocessing = 0;
			shellPath = /bin/sh;
			shellScript = "\"${PODS_ROOT}/Target Support Files/Pods-RentaTeam_TestTask/Pods-RentaTeam_TestTask-frameworks.sh\"\n";
			showEnvVarsInLog = 0;
		};
/* End PBXShellScriptBuildPhase section */

/* Begin PBXSourcesBuildPhase section */
		1B541AF627E234C400DC7D12 /* Sources */ = {
			isa = PBXSourcesBuildPhase;
			buildActionMask = 2147483647;
			files = (
				1B541AFE27E234C400DC7D12 /* AppDelegate.swift in Sources */,
				1B541B2E27E24BFC00DC7D12 /* ImagesService.swift in Sources */,
				1B541B2627E23E3900DC7D12 /* GalleryCollectionViewCell.swift in Sources */,
				1B541B2127E23C1000DC7D12 /* GalleryCollectionViewController.swift in Sources */,
				1B541B3127E253DA00DC7D12 /* ImageData.swift in Sources */,
				1B541B0027E234C400DC7D12 /* SceneDelegate.swift in Sources */,
			);
			runOnlyForDeploymentPostprocessing = 0;
		};
/* End PBXSourcesBuildPhase section */

/* Begin PBXVariantGroup section */
		1B541B0827E234C900DC7D12 /* LaunchScreen.storyboard */ = {
			isa = PBXVariantGroup;
			children = (
				1B541B0927E234C900DC7D12 /* Base */,
			);
			name = LaunchScreen.storyboard;
			sourceTree = "<group>";
		};
/* End PBXVariantGroup section */

/* Begin XCBuildConfiguration section */
		1B541B0C27E234C900DC7D12 /* Debug */ = {
			isa = XCBuildConfiguration;
			buildSettings = {
				ALWAYS_SEARCH_USER_PATHS = NO;
				CLANG_ANALYZER_NONNULL = YES;
				CLANG_ANALYZER_NUMBER_OBJECT_CONVERSION = YES_AGGRESSIVE;
				CLANG_CXX_LANGUAGE_STANDARD = "gnu++14";
				CLANG_CXX_LIBRARY = "libc++";
				CLANG_ENABLE_MODULES = YES;
				CLANG_ENABLE_OBJC_ARC = YES;
				CLANG_ENABLE_OBJC_WEAK = YES;
				CLANG_WARN_BLOCK_CAPTURE_AUTORELEASING = YES;
				CLANG_WARN_BOOL_CONVERSION = YES;
				CLANG_WARN_COMMA = YES;
				CLANG_WARN_CONSTANT_CONVERSION = YES;
				CLANG_WARN_DEPRECATED_OBJC_IMPLEMENTATIONS = YES;
				CLANG_WARN_DIRECT_OBJC_ISA_USAGE = YES_ERROR;
				CLANG_WARN_DOCUMENTATION_COMMENTS = YES;
				CLANG_WARN_EMPTY_BODY = YES;
				CLANG_WARN_ENUM_CONVERSION = YES;
				CLANG_WARN_INFINITE_RECURSION = YES;
				CLANG_WARN_INT_CONVERSION = YES;
				CLANG_WARN_NON_LITERAL_NULL_CONVERSION = YES;
				CLANG_WARN_OBJC_IMPLICIT_RETAIN_SELF = YES;
				CLANG_WARN_OBJC_LITERAL_CONVERSION = YES;
				CLANG_WARN_OBJC_ROOT_CLASS = YES_ERROR;
				CLANG_WARN_QUOTED_INCLUDE_IN_FRAMEWORK_HEADER = YES;
				CLANG_WARN_RANGE_LOOP_ANALYSIS = YES;
				CLANG_WARN_STRICT_PROTOTYPES = YES;
				CLANG_WARN_SUSPICIOUS_MOVE = YES;
				CLANG_WARN_UNGUARDED_AVAILABILITY = YES_AGGRESSIVE;
				CLANG_WARN_UNREACHABLE_CODE = YES;
				CLANG_WARN__DUPLICATE_METHOD_MATCH = YES;
				COPY_PHASE_STRIP = NO;
				DEBUG_INFORMATION_FORMAT = dwarf;
				ENABLE_STRICT_OBJC_MSGSEND = YES;
				ENABLE_TESTABILITY = YES;
				GCC_C_LANGUAGE_STANDARD = gnu11;
				GCC_DYNAMIC_NO_PIC = NO;
				GCC_NO_COMMON_BLOCKS = YES;
				GCC_OPTIMIZATION_LEVEL = 0;
				GCC_PREPROCESSOR_DEFINITIONS = (
					"DEBUG=1",
					"$(inherited)",
				);
				GCC_WARN_64_TO_32_BIT_CONVERSION = YES;
				GCC_WARN_ABOUT_RETURN_TYPE = YES_ERROR;
				GCC_WARN_UNDECLARED_SELECTOR = YES;
				GCC_WARN_UNINITIALIZED_AUTOS = YES_AGGRESSIVE;
				GCC_WARN_UNUSED_FUNCTION = YES;
				GCC_WARN_UNUSED_VARIABLE = YES;
				IPHONEOS_DEPLOYMENT_TARGET = 11.0;
				MTL_ENABLE_DEBUG_INFO = INCLUDE_SOURCE;
				MTL_FAST_MATH = YES;
				ONLY_ACTIVE_ARCH = YES;
				SDKROOT = iphoneos;
				SWIFT_ACTIVE_COMPILATION_CONDITIONS = DEBUG;
				SWIFT_OPTIMIZATION_LEVEL = "-Onone";
			};
			name = Debug;
		};
		1B541B0D27E234C900DC7D12 /* Release */ = {
			isa = XCBuildConfiguration;
			buildSettings = {
				ALWAYS_SEARCH_USER_PATHS = NO;
				CLANG_ANALYZER_NONNULL = YES;
				CLANG_ANALYZER_NUMBER_OBJECT_CONVERSION = YES_AGGRESSIVE;
				CLANG_CXX_LANGUAGE_STANDARD = "gnu++14";
				CLANG_CXX_LIBRARY = "libc++";
				CLANG_ENABLE_MODULES = YES;
				CLANG_ENABLE_OBJC_ARC = YES;
				CLANG_ENABLE_OBJC_WEAK = YES;
				CLANG_WARN_BLOCK_CAPTURE_AUTORELEASING = YES;
				CLANG_WARN_BOOL_CONVERSION = YES;
				CLANG_WARN_COMMA = YES;
				CLANG_WARN_CONSTANT_CONVERSION = YES;
				CLANG_WARN_DEPRECATED_OBJC_IMPLEMENTATIONS = YES;
				CLANG_WARN_DIRECT_OBJC_ISA_USAGE = YES_ERROR;
				CLANG_WARN_DOCUMENTATION_COMMENTS = YES;
				CLANG_WARN_EMPTY_BODY = YES;
				CLANG_WARN_ENUM_CONVERSION = YES;
				CLANG_WARN_INFINITE_RECURSION = YES;
				CLANG_WARN_INT_CONVERSION = YES;
				CLANG_WARN_NON_LITERAL_NULL_CONVERSION = YES;
				CLANG_WARN_OBJC_IMPLICIT_RETAIN_SELF = YES;
				CLANG_WARN_OBJC_LITERAL_CONVERSION = YES;
				CLANG_WARN_OBJC_ROOT_CLASS = YES_ERROR;
				CLANG_WARN_QUOTED_INCLUDE_IN_FRAMEWORK_HEADER = YES;
				CLANG_WARN_RANGE_LOOP_ANALYSIS = YES;
				CLANG_WARN_STRICT_PROTOTYPES = YES;
				CLANG_WARN_SUSPICIOUS_MOVE = YES;
				CLANG_WARN_UNGUARDED_AVAILABILITY = YES_AGGRESSIVE;
				CLANG_WARN_UNREACHABLE_CODE = YES;
				CLANG_WARN__DUPLICATE_METHOD_MATCH = YES;
				COPY_PHASE_STRIP = NO;
				DEBUG_INFORMATION_FORMAT = "dwarf-with-dsym";
				ENABLE_NS_ASSERTIONS = NO;
				ENABLE_STRICT_OBJC_MSGSEND = YES;
				GCC_C_LANGUAGE_STANDARD = gnu11;
				GCC_NO_COMMON_BLOCKS = YES;
				GCC_WARN_64_TO_32_BIT_CONVERSION = YES;
				GCC_WARN_ABOUT_RETURN_TYPE = YES_ERROR;
				GCC_WARN_UNDECLARED_SELECTOR = YES;
				GCC_WARN_UNINITIALIZED_AUTOS = YES_AGGRESSIVE;
				GCC_WARN_UNUSED_FUNCTION = YES;
				GCC_WARN_UNUSED_VARIABLE = YES;
				IPHONEOS_DEPLOYMENT_TARGET = 11.0;
				MTL_ENABLE_DEBUG_INFO = NO;
				MTL_FAST_MATH = YES;
				SDKROOT = iphoneos;
				SWIFT_COMPILATION_MODE = wholemodule;
				SWIFT_OPTIMIZATION_LEVEL = "-O";
				VALIDATE_PRODUCT = YES;
			};
			name = Release;
		};
		1B541B0F27E234C900DC7D12 /* Debug */ = {
			isa = XCBuildConfiguration;
			baseConfigurationReference = 0D1E98901FDB22A723BB6EBF /* Pods-RentaTeam_TestTask.debug.xcconfig */;
			buildSettings = {
				ASSETCATALOG_COMPILER_APPICON_NAME = AppIcon;
				ASSETCATALOG_COMPILER_GLOBAL_ACCENT_COLOR_NAME = AccentColor;
				CODE_SIGN_STYLE = Automatic;
				DEVELOPMENT_TEAM = DQ48S8SUS4;
				INFOPLIST_FILE = RentaTeam_TestTask/App/Info.plist;
				IPHONEOS_DEPLOYMENT_TARGET = 11.0;
				LD_RUNPATH_SEARCH_PATHS = (
					"$(inherited)",
					"@executable_path/Frameworks",
				);
				PRODUCT_BUNDLE_IDENTIFIER = "ru.50.FominAlexander.RentaTeam-TestTask";
				PRODUCT_NAME = "$(TARGET_NAME)";
				SWIFT_VERSION = 5.0;
				TARGETED_DEVICE_FAMILY = 1;
			};
			name = Debug;
		};
		1B541B1027E234C900DC7D12 /* Release */ = {
			isa = XCBuildConfiguration;
			baseConfigurationReference = FFB49B21A3C6BCF7C385AE90 /* Pods-RentaTeam_TestTask.release.xcconfig */;
			buildSettings = {
				ASSETCATALOG_COMPILER_APPICON_NAME = AppIcon;
				ASSETCATALOG_COMPILER_GLOBAL_ACCENT_COLOR_NAME = AccentColor;
				CODE_SIGN_STYLE = Automatic;
				DEVELOPMENT_TEAM = DQ48S8SUS4;
				INFOPLIST_FILE = RentaTeam_TestTask/App/Info.plist;
				IPHONEOS_DEPLOYMENT_TARGET = 11.0;
				LD_RUNPATH_SEARCH_PATHS = (
					"$(inherited)",
					"@executable_path/Frameworks",
				);
				PRODUCT_BUNDLE_IDENTIFIER = "ru.50.FominAlexander.RentaTeam-TestTask";
				PRODUCT_NAME = "$(TARGET_NAME)";
				SWIFT_VERSION = 5.0;
				TARGETED_DEVICE_FAMILY = 1;
			};
			name = Release;
		};
/* End XCBuildConfiguration section */

/* Begin XCConfigurationList section */
		1B541AF527E234C300DC7D12 /* Build configuration list for PBXProject "RentaTeam_TestTask" */ = {
			isa = XCConfigurationList;
			buildConfigurations = (
				1B541B0C27E234C900DC7D12 /* Debug */,
				1B541B0D27E234C900DC7D12 /* Release */,
			);
			defaultConfigurationIsVisible = 0;
			defaultConfigurationName = Release;
		};
		1B541B0E27E234C900DC7D12 /* Build configuration list for PBXNativeTarget "RentaTeam_TestTask" */ = {
			isa = XCConfigurationList;
			buildConfigurations = (
				1B541B0F27E234C900DC7D12 /* Debug */,
				1B541B1027E234C900DC7D12 /* Release */,
			);
			defaultConfigurationIsVisible = 0;
			defaultConfigurationName = Release;
		};
/* End XCConfigurationList section */
	};
	rootObject = 1B541AF227E234C300DC7D12 /* Project object */;
}
